
Microsoft Visual Studio Solution File, Format Version 12.00
# Visual Studio Version 16
VisualStudioVersion = 16.0.30114.105
MinimumVisualStudioVersion = 10.0.40219.1
Project("{FAE04EC0-301F-11D3-BF4B-00C04F79EFBC}") = "IsItALeapYear", "IsItALeapYear.csproj", "{1DD13518-3B47-408F-AE8E-2A013EDC27C7}"
EndProject
Project("{FAE04EC0-301F-11D3-BF4B-00C04F79EFBC}") = "UnitTestProject1", "..\UnitTestProject1\UnitTestProject1.csproj", "{F2C0E70E-A7F4-431D-B9F2-D5F3FA8B2E7F}"
EndProject
Global
	GlobalSection(SolutionConfigurationPlatforms) = preSolution
		Debug|Any CPU = Debug|Any CPU
		Release|Any CPU = Release|Any CPU
	EndGlobalSection
	GlobalSection(ProjectConfigurationPlatforms) = postSolution
		{1DD13518-3B47-408F-AE8E-2A013EDC27C7}.Debug|Any CPU.ActiveCfg = Debug|Any CPU
		{1DD13518-3B47-408F-AE8E-2A013EDC27C7}.Debug|Any CPU.Build.0 = Debug|Any CPU
		{1DD13518-3B47-408F-AE8E-2A013EDC27C7}.Release|Any CPU.ActiveCfg = Release|Any CPU
		{1DD13518-3B47-408F-AE8E-2A013EDC27C7}.Release|Any CPU.Build.0 = Release|Any CPU
		{F2C0E70E-A7F4-431D-B9F2-D5F3FA8B2E7F}.Debug|Any CPU.ActiveCfg = Debug|Any CPU
		{F2C0E70E-A7F4-431D-B9F2-D5F3FA8B2E7F}.Debug|Any CPU.Build.0 = Debug|Any CPU
		{F2C0E70E-A7F4-431D-B9F2-D5F3FA8B2E7F}.Release|Any CPU.ActiveCfg = Release|Any CPU
		{F2C0E70E-A7F4-431D-B9F2-D5F3FA8B2E7F}.Release|Any CPU.Build.0 = Release|Any CPU
	EndGlobalSection
	GlobalSection(SolutionProperties) = preSolution
		HideSolutionNode = FALSE
	EndGlobalSection
	GlobalSection(ExtensibilityGlobals) = postSolution
		SolutionGuid = {7D0F5007-8656-4BF9-85D2-B20E82B657C8}
	EndGlobalSection
EndGlobal
